<?xml version="1.0" encoding="utf-8"?>
<Project ToolsVersion="4.0" xmlns="http://schemas.microsoft.com/developer/msbuild/2003">
  <ItemGroup>
    <Filter Include="ソース ファイル">
      <UniqueIdentifier>{4FC737F1-C7A5-4376-A066-2A32D752A2FF}</UniqueIdentifier>
      <Extensions>cpp;c;cc;cxx;def;odl;idl;hpj;bat;asm;asmx</Extensions>
    </Filter>
    <Filter Include="ヘッダー ファイル">
      <UniqueIdentifier>{93995380-89BD-4b04-88EB-625FBE52EBFB}</UniqueIdentifier>
      <Extensions>h;hh;hpp;hxx;hm;inl;inc;xsd</Extensions>
    </Filter>
    <Filter Include="リソース ファイル">
      <UniqueIdentifier>{67DA6AB6-F800-4c08-8B7A-83BB121AAD01}</UniqueIdentifier>
      <Extensions>rc;ico;cur;bmp;dlg;rc2;rct;bin;rgs;gif;jpg;jpeg;jpe;resx;tiff;tif;png;wav;mfcribbon-ms</Extensions>
    </Filter>
    <Filter Include="ヘッダー ファイル\StackMachineBuilder">
      <UniqueIdentifier>{84d7a98e-5f47-41ae-82ce-b4f676e3ca2c}</UniqueIdentifier>
    </Filter>
    <Filter Include="ヘッダー ファイル\StackMachine">
      <UniqueIdentifier>{0e5c3bae-63aa-4237-b707-865c3ae22f55}</UniqueIdentifier>
    </Filter>
    <Filter Include="ヘッダー ファイル\StackMachineCompiler">
      <UniqueIdentifier>{4bd7d2a8-1636-42a0-aa3e-d7ffd78c5e4d}</UniqueIdentifier>
    </Filter>
  </ItemGroup>
  <ItemGroup>
    <ClCompile Include="main.cpp">
      <Filter>ソース ファイル</Filter>
    </ClCompile>
    <ClCompile Include="stdafx.cpp">
      <Filter>ソース ファイル</Filter>
    </ClCompile>
    <ClCompile Include="StackMachineBuilder\StackMachineBuilder.cpp">
      <Filter>ソース ファイル</Filter>
    </ClCompile>
  </ItemGroup>
  <ItemGroup>
    <ClInclude Include="StackMachineBuilder\BindADD.h">
      <Filter>ヘッダー ファイル\StackMachineBuilder</Filter>
    </ClInclude>
    <ClInclude Include="StackMachineBuilder\BindArges.h">
      <Filter>ヘッダー ファイル\StackMachineBuilder</Filter>
    </ClInclude>
    <ClInclude Include="StackMachineBuilder\BindCPAEQ.h">
      <Filter>ヘッダー ファイル\StackMachineBuilder</Filter>
    </ClInclude>
    <ClInclude Include="StackMachineBuilder\BindCPANEQ.h">
      <Filter>ヘッダー ファイル\StackMachineBuilder</Filter>
    </ClInclude>
    <ClInclude Include="StackMachineBuilder\BindDREF.h">
      <Filter>ヘッダー ファイル\StackMachineBuilder</Filter>
    </ClInclude>
    <ClInclude Include="StackMachineBuilder\BindINC.h">
      <Filter>ヘッダー ファイル\StackMachineBuilder</Filter>
    </ClInclude>
    <ClInclude Include="StackMachineBuilder\BindJMP.h">
      <Filter>ヘッダー ファイル\StackMachineBuilder</Filter>
    </ClInclude>
    <ClInclude Include="StackMachineBuilder\BindJMPB.h">
      <Filter>ヘッダー ファイル\StackMachineBuilder</Filter>
    </ClInclude>
    <ClInclude Include="StackMachineBuilder\BindLD.h">
      <Filter>ヘッダー ファイル\StackMachineBuilder</Filter>
    </ClInclude>
    <ClInclude Include="StackMachineBuilder\BindLDR.h">
      <Filter>ヘッダー ファイル\StackMachineBuilder</Filter>
    </ClInclude>
    <ClInclude Include="StackMachineBuilder\BindOrder.h">
      <Filter>ヘッダー ファイル\StackMachineBuilder</Filter>
    </ClInclude>
    <ClInclude Include="StackMachineBuilder\BindPOP.h">
      <Filter>ヘッダー ファイル\StackMachineBuilder</Filter>
    </ClInclude>
    <ClInclude Include="StackMachineBuilder\BindPRINT.h">
      <Filter>ヘッダー ファイル\StackMachineBuilder</Filter>
    </ClInclude>
    <ClInclude Include="StackMachineBuilder\BindPUSH.h">
      <Filter>ヘッダー ファイル\StackMachineBuilder</Filter>
    </ClInclude>
    <ClInclude Include="StackMachineBuilder\BindREF.h">
      <Filter>ヘッダー ファイル\StackMachineBuilder</Filter>
    </ClInclude>
    <ClInclude Include="StackMachineBuilder\BindSPRINT.h">
      <Filter>ヘッダー ファイル\StackMachineBuilder</Filter>
    </ClInclude>
    <ClInclude Include="StackMachineBuilder\CustomVariant.h">
      <Filter>ヘッダー ファイル\StackMachineBuilder</Filter>
    </ClInclude>
    <ClInclude Include="StackMachineBuilder\StackMachineBuilder.h">
      <Filter>ヘッダー ファイル\StackMachineBuilder</Filter>
    </ClInclude>
    <ClInclude Include="StackMachine\ADD.h">
      <Filter>ヘッダー ファイル\StackMachine</Filter>
    </ClInclude>
    <ClInclude Include="StackMachine\AdressArgs.h">
      <Filter>ヘッダー ファイル\StackMachine</Filter>
    </ClInclude>
    <ClInclude Include="StackMachine\CAST.h">
      <Filter>ヘッダー ファイル\StackMachine</Filter>
    </ClInclude>
    <ClInclude Include="StackMachine\CPAEQ.h">
      <Filter>ヘッダー ファイル\StackMachine</Filter>
    </ClInclude>
    <ClInclude Include="StackMachine\CPANEQ.h">
      <Filter>ヘッダー ファイル\StackMachine</Filter>
    </ClInclude>
    <ClInclude Include="StackMachine\DREF.h">
      <Filter>ヘッダー ファイル\StackMachine</Filter>
    </ClInclude>
    <ClInclude Include="StackMachine\INC.h">
      <Filter>ヘッダー ファイル\StackMachine</Filter>
    </ClInclude>
    <ClInclude Include="StackMachine\JMP.h">
      <Filter>ヘッダー ファイル\StackMachine</Filter>
    </ClInclude>
    <ClInclude Include="StackMachine\JMPB.h">
      <Filter>ヘッダー ファイル\StackMachine</Filter>
    </ClInclude>
    <ClInclude Include="StackMachine\LD.h">
      <Filter>ヘッダー ファイル\StackMachine</Filter>
    </ClInclude>
    <ClInclude Include="StackMachine\LDR.h">
      <Filter>ヘッダー ファイル\StackMachine</Filter>
    </ClInclude>
    <ClInclude Include="StackMachine\Order.h">
      <Filter>ヘッダー ファイル\StackMachine</Filter>
    </ClInclude>
    <ClInclude Include="StackMachine\OrderVector.h">
      <Filter>ヘッダー ファイル\StackMachine</Filter>
    </ClInclude>
    <ClInclude Include="StackMachine\POP.h">
      <Filter>ヘッダー ファイル\StackMachine</Filter>
    </ClInclude>
    <ClInclude Include="StackMachine\Print.h">
      <Filter>ヘッダー ファイル\StackMachine</Filter>
    </ClInclude>
    <ClInclude Include="StackMachine\PUSH.h">
      <Filter>ヘッダー ファイル\StackMachine</Filter>
    </ClInclude>
    <ClInclude Include="StackMachine\REF.h">
      <Filter>ヘッダー ファイル\StackMachine</Filter>
    </ClInclude>
    <ClInclude Include="StackMachine\SPRINT.h">
      <Filter>ヘッダー ファイル\StackMachine</Filter>
    </ClInclude>
    <ClInclude Include="StackMachine\StackMachine.h">
      <Filter>ヘッダー ファイル\StackMachine</Filter>
    </ClInclude>
    <ClInclude Include="StackMachine\type.h">
      <Filter>ヘッダー ファイル\StackMachine</Filter>
    </ClInclude>
    <ClInclude Include="stdafx.h">
      <Filter>ヘッダー ファイル</Filter>
    </ClInclude>
    <ClInclude Include="StackMachineCompiler.h">
      <Filter>ヘッダー ファイル\StackMachineCompiler</Filter>
    </ClInclude>
    <ClInclude Include="StackMachine\END.h">
      <Filter>ヘッダー ファイル\StackMachine</Filter>
    </ClInclude>
    <ClInclude Include="StackMachineBuilder\BindEND.h">
      <Filter>ヘッダー ファイル\StackMachineBuilder</Filter>
    </ClInclude>
    <ClInclude Include="StackMachineBuilder\TemplateInstantiation.h">
      <Filter>ソース ファイル</Filter>
    </ClInclude>
    <ClInclude Include="StackMachineBuilder\BindCAST.h">
      <Filter>ヘッダー ファイル</Filter>
    </ClInclude>
    <ClInclude Include="StackMachine\SCAN.h">
      <Filter>ヘッダー ファイル</Filter>
    </ClInclude>
    <ClInclude Include="StackMachine\RunMachine.h">
      <Filter>ヘッダー ファイル</Filter>
    </ClInclude>
    <ClInclude Include="StackMachineBuilder\BindSCAN.h">
      <Filter>ヘッダー ファイル</Filter>
    </ClInclude>
    <ClInclude Include="StackMachine\CALL.h">
      <Filter>ヘッダー ファイル</Filter>
    </ClInclude>
    <ClInclude Include="StackMachineBuilder\BindCALL.h">
      <Filter>ヘッダー ファイル</Filter>
    </ClInclude>
    <ClInclude Include="StackMachine\RET.h">
      <Filter>ヘッダー ファイル</Filter>
    </ClInclude>
    <ClInclude Include="StackMachineBuilder\BindRET.h">
      <Filter>ヘッダー ファイル</Filter>
    </ClInclude>
    <ClInclude Include="StackMachine\AND.h">
      <Filter>ヘッダー ファイル</Filter>
    </ClInclude>
    <ClInclude Include="StackMachineBuilder\BindAND.h">
      <Filter>ヘッダー ファイル</Filter>
    </ClInclude>
    <ClInclude Include="StackMachine\OR.h">
      <Filter>ヘッダー ファイル</Filter>
    </ClInclude>
    <ClInclude Include="StackMachineBuilder\BindOR.h">
      <Filter>ヘッダー ファイル</Filter>
    </ClInclude>
    <ClInclude Include="StackMachine\XOR.h">
      <Filter>ヘッダー ファイル</Filter>
    </ClInclude>
    <ClInclude Include="StackMachineBuilder\BindXOR.h">
      <Filter>ヘッダー ファイル</Filter>
    </ClInclude>
    <ClInclude Include="StackMachine\NOT.h">
      <Filter>ヘッダー ファイル</Filter>
    </ClInclude>
    <ClInclude Include="StackMachineBuilder\BindNOT.h">
      <Filter>ヘッダー ファイル</Filter>
    </ClInclude>
    <ClInclude Include="StackMachine\MUL.h">
      <Filter>ヘッダー ファイル</Filter>
    </ClInclude>
    <ClInclude Include="StackMachineBuilder\BindMUL.h">
      <Filter>ヘッダー ファイル</Filter>
    </ClInclude>
  </ItemGroup>
  <ItemGroup>
    <Text Include="test.txt" />
  </ItemGroup>
</Project>