<?xml version="1.0" encoding="utf-8"?>
<Project ToolsVersion="4.0" xmlns="http://schemas.microsoft.com/developer/msbuild/2003">
  <ItemGroup>
    <Filter Include="ソース ファイル">
      <UniqueIdentifier>{4FC737F1-C7A5-4376-A066-2A32D752A2FF}</UniqueIdentifier>
      <Extensions>cpp;c;cc;cxx;def;odl;idl;hpj;bat;asm;asmx</Extensions>
    </Filter>
    <Filter Include="ヘッダー ファイル">
      <UniqueIdentifier>{93995380-89BD-4b04-88EB-625FBE52EBFB}</UniqueIdentifier>
      <Extensions>h;hh;hpp;hxx;hm;inl;inc;xsd</Extensions>
    </Filter>
    <Filter Include="リソース ファイル">
      <UniqueIdentifier>{67DA6AB6-F800-4c08-8B7A-83BB121AAD01}</UniqueIdentifier>
      <Extensions>rc;ico;cur;bmp;dlg;rc2;rct;bin;rgs;gif;jpg;jpeg;jpe;resx;tiff;tif;png;wav;mfcribbon-ms</Extensions>
    </Filter>
    <Filter Include="StackMachine">
      <UniqueIdentifier>{4eb2f0c5-9632-4b35-a1e6-7fb7e0ace401}</UniqueIdentifier>
    </Filter>
    <Filter Include="StackMachine\Order">
      <UniqueIdentifier>{1321f3c3-38bf-4db7-a445-79f6bb0aada3}</UniqueIdentifier>
    </Filter>
  </ItemGroup>
  <ItemGroup>
    <Text Include="ReadMe.txt" />
  </ItemGroup>
  <ItemGroup>
    <ClInclude Include="stdafx.h">
      <Filter>ヘッダー ファイル</Filter>
    </ClInclude>
    <ClInclude Include="targetver.h">
      <Filter>ヘッダー ファイル</Filter>
    </ClInclude>
    <ClInclude Include="Order.h">
      <Filter>StackMachine</Filter>
    </ClInclude>
    <ClInclude Include="AdressArgs.h">
      <Filter>StackMachine</Filter>
    </ClInclude>
    <ClInclude Include="StackMachine.h">
      <Filter>StackMachine</Filter>
    </ClInclude>
    <ClInclude Include="LD.h">
      <Filter>StackMachine\Order</Filter>
    </ClInclude>
    <ClInclude Include="Print.h">
      <Filter>StackMachine\Order</Filter>
    </ClInclude>
    <ClInclude Include="OrderVector.h">
      <Filter>StackMachine</Filter>
    </ClInclude>
    <ClInclude Include="JMP.h">
      <Filter>StackMachine\Order</Filter>
    </ClInclude>
    <ClInclude Include="ADD.h">
      <Filter>StackMachine\Order</Filter>
    </ClInclude>
    <ClInclude Include="CPA.h">
      <Filter>StackMachine\Order</Filter>
    </ClInclude>
    <ClInclude Include="JMPB.h">
      <Filter>StackMachine\Order</Filter>
    </ClInclude>
    <ClInclude Include="INC.h">
      <Filter>StackMachine\Order</Filter>
    </ClInclude>
  </ItemGroup>
  <ItemGroup>
    <ClCompile Include="stdafx.cpp">
      <Filter>ソース ファイル</Filter>
    </ClCompile>
  </ItemGroup>
</Project>